Microsoft Visual Studio Solution File, Format Version 11.00
# Visual Studio 2008

Project("{A28BCD51-574E-6BB2-5B0F-29E48B082986}") = "Plumbers-master", "Assembly-CSharp-firstpass.csproj", "{D4E3813B-748C-49F5-05BA-63E4F2E6B32F}"
EndProject
Project("{A28BCD51-574E-6BB2-5B0F-29E48B082986}") = "Plumbers-master", "Assembly-CSharp.csproj", "{FB44A2AA-384A-9E20-9244-2E9154324136}"
EndProject
Project("{A28BCD51-574E-6BB2-5B0F-29E48B082986}") = "Plumbers-master", "Assembly-UnityScript-firstpass.unityproj", "{74D28E4C-6470-B74D-70B0-2B6F27324CE7}"
EndProject
Project("{A28BCD51-574E-6BB2-5B0F-29E48B082986}") = "Plumbers-master", "Assembly-UnityScript.unityproj", "{11FC627D-53A1-95B5-66C2-0D68AC075072}"
EndProject
Global
	GlobalSection(SolutionConfigurationPlatforms) = preSolution
		Debug|Any CPU = Debug|Any CPU
		Release|Any CPU = Release|Any CPU
	EndGlobalSection
	GlobalSection(ProjectConfigurationPlatforms) = postSolution
		{D4E3813B-748C-49F5-05BA-63E4F2E6B32F}.Debug|Any CPU.ActiveCfg = Debug|Any CPU
		{D4E3813B-748C-49F5-05BA-63E4F2E6B32F}.Debug|Any CPU.Build.0 = Debug|Any CPU
		{D4E3813B-748C-49F5-05BA-63E4F2E6B32F}.Release|Any CPU.ActiveCfg = Release|Any CPU
		{D4E3813B-748C-49F5-05BA-63E4F2E6B32F}.Release|Any CPU.Build.0 = Release|Any CPU
		{FB44A2AA-384A-9E20-9244-2E9154324136}.Debug|Any CPU.ActiveCfg = Debug|Any CPU
		{FB44A2AA-384A-9E20-9244-2E9154324136}.Debug|Any CPU.Build.0 = Debug|Any CPU
		{FB44A2AA-384A-9E20-9244-2E9154324136}.Release|Any CPU.ActiveCfg = Release|Any CPU
		{FB44A2AA-384A-9E20-9244-2E9154324136}.Release|Any CPU.Build.0 = Release|Any CPU
		{74D28E4C-6470-B74D-70B0-2B6F27324CE7}.Debug|Any CPU.ActiveCfg = Debug|Any CPU
		{74D28E4C-6470-B74D-70B0-2B6F27324CE7}.Debug|Any CPU.Build.0 = Debug|Any CPU
		{74D28E4C-6470-B74D-70B0-2B6F27324CE7}.Release|Any CPU.ActiveCfg = Release|Any CPU
		{74D28E4C-6470-B74D-70B0-2B6F27324CE7}.Release|Any CPU.Build.0 = Release|Any CPU
		{11FC627D-53A1-95B5-66C2-0D68AC075072}.Debug|Any CPU.ActiveCfg = Debug|Any CPU
		{11FC627D-53A1-95B5-66C2-0D68AC075072}.Debug|Any CPU.Build.0 = Debug|Any CPU
		{11FC627D-53A1-95B5-66C2-0D68AC075072}.Release|Any CPU.ActiveCfg = Release|Any CPU
		{11FC627D-53A1-95B5-66C2-0D68AC075072}.Release|Any CPU.Build.0 = Release|Any CPU
	EndGlobalSection
	GlobalSection(SolutionProperties) = preSolution
		HideSolutionNode = FALSE
	EndGlobalSection
													GlobalSection(MonoDevelopProperties) = preSolution
		StartupItem = Assembly-CSharp.csproj
		Policies = $0
		$0.TextStylePolicy = $1
		$1.inheritsSet = null
		$1.scope = text/x-csharp
		$0.CSharpFormattingPolicy = $2
		$2.inheritsSet = Mono
		$2.inheritsScope = text/x-csharp
		$2.scope = text/x-csharp
		$0.TextStylePolicy = $3
		$3.FileWidth = 120
		$3.TabWidth = 4
		$3.EolMarker = Unix
		$3.inheritsSet = Mono
		$3.inheritsScope = text/plain
		$3.scope = text/plain
	EndGlobalSection

EndGlobal
